// !$*UTF8*$!
{
	archiveVersion = 1;
	classes = {
	};
	objectVersion = 50;
	objects = {

/* Begin PBXBuildFile section */
		64096039234D82390046E0A1 /* EventTests.swift in Sources */ = {isa = PBXBuildFile; fileRef = 64096038234D82390046E0A1 /* EventTests.swift */; };
		6409603B234D9E770046E0A1 /* NeutralCardTests.swift in Sources */ = {isa = PBXBuildFile; fileRef = 6409603A234D9E770046E0A1 /* NeutralCardTests.swift */; };
		6409603E234DACFB0046E0A1 /* SerializationTests.swift in Sources */ = {isa = PBXBuildFile; fileRef = 6409603D234DACFB0046E0A1 /* SerializationTests.swift */; };
		64096040234DC9040046E0A1 /* EventSerializationTests.swift in Sources */ = {isa = PBXBuildFile; fileRef = 6409603F234DC9040046E0A1 /* EventSerializationTests.swift */; };
		641836252362A87200FABF66 /* TavernViewController.swift in Sources */ = {isa = PBXBuildFile; fileRef = 641836242362A87200FABF66 /* TavernViewController.swift */; };
		641836272362B28400FABF66 /* BattleViewController.swift in Sources */ = {isa = PBXBuildFile; fileRef = 641836262362B28400FABF66 /* BattleViewController.swift */; };
		6418362A2362CA2F00FABF66 /* Faction.swift in Sources */ = {isa = PBXBuildFile; fileRef = 641836292362CA2F00FABF66 /* Faction.swift */; };
		6418362C2362CA4000FABF66 /* Mission.swift in Sources */ = {isa = PBXBuildFile; fileRef = 6418362B2362CA4000FABF66 /* Mission.swift */; };
		6418362F236408D600FABF66 /* SelectCharacterViewController.swift in Sources */ = {isa = PBXBuildFile; fileRef = 6418362E236408D600FABF66 /* SelectCharacterViewController.swift */; };
		64183631236410F500FABF66 /* GameState.swift in Sources */ = {isa = PBXBuildFile; fileRef = 64183630236410F500FABF66 /* GameState.swift */; };
		64183633236414E900FABF66 /* GameNavigationController.swift in Sources */ = {isa = PBXBuildFile; fileRef = 64183632236414E900FABF66 /* GameNavigationController.swift */; };
		641836352364177A00FABF66 /* BuildingNode.swift in Sources */ = {isa = PBXBuildFile; fileRef = 641836342364177A00FABF66 /* BuildingNode.swift */; };
		64183638236423D400FABF66 /* AutoSaver.swift in Sources */ = {isa = PBXBuildFile; fileRef = 64183637236423D400FABF66 /* AutoSaver.swift */; };
		643588B82345FD8F007334D9 /* AppDelegate.swift in Sources */ = {isa = PBXBuildFile; fileRef = 643588B72345FD8F007334D9 /* AppDelegate.swift */; };
		643588BC2345FD8F007334D9 /* Actions.sks in Resources */ = {isa = PBXBuildFile; fileRef = 643588BB2345FD8F007334D9 /* Actions.sks */; };
		643588C02345FD8F007334D9 /* GameViewController.swift in Sources */ = {isa = PBXBuildFile; fileRef = 643588BF2345FD8F007334D9 /* GameViewController.swift */; };
		643588C32345FD8F007334D9 /* Main.storyboard in Resources */ = {isa = PBXBuildFile; fileRef = 643588C12345FD8F007334D9 /* Main.storyboard */; };
		643588C52345FD92007334D9 /* Assets.xcassets in Resources */ = {isa = PBXBuildFile; fileRef = 643588C42345FD92007334D9 /* Assets.xcassets */; };
		643588C82345FD92007334D9 /* LaunchScreen.storyboard in Resources */ = {isa = PBXBuildFile; fileRef = 643588C62345FD92007334D9 /* LaunchScreen.storyboard */; };
		643588D32345FD93007334D9 /* VitruviusSpriteKitTests.swift in Sources */ = {isa = PBXBuildFile; fileRef = 643588D22345FD93007334D9 /* VitruviusSpriteKitTests.swift */; };
		643588DE2345FD93007334D9 /* VitruviusSpriteKitUITests.swift in Sources */ = {isa = PBXBuildFile; fileRef = 643588DD2345FD93007334D9 /* VitruviusSpriteKitUITests.swift */; };
		643588EE2345FEEF007334D9 /* CardNode.swift in Sources */ = {isa = PBXBuildFile; fileRef = 643588ED2345FEEF007334D9 /* CardNode.swift */; };
		644450D6236172B2002567FF /* TownViewController.swift in Sources */ = {isa = PBXBuildFile; fileRef = 644450D5236172B2002567FF /* TownViewController.swift */; };
		645DAD5B234EEECE00F633F3 /* EffectSerializationTests.swift in Sources */ = {isa = PBXBuildFile; fileRef = 645DAD5A234EEECE00F633F3 /* EffectSerializationTests.swift */; };
		6472DEB323461A7E009B75C0 /* BattleScene.sks in Resources */ = {isa = PBXBuildFile; fileRef = 6472DEB223461A7E009B75C0 /* BattleScene.sks */; };
		6472DEB52347072F009B75C0 /* CardSceneWood.sks in Resources */ = {isa = PBXBuildFile; fileRef = 6472DEB42347072F009B75C0 /* CardSceneWood.sks */; };
		6472DEB7234727F7009B75C0 /* HandNode.swift in Sources */ = {isa = PBXBuildFile; fileRef = 6472DEB6234727F7009B75C0 /* HandNode.swift */; };
		6472DEB923485396009B75C0 /* PlayAreaNode.swift in Sources */ = {isa = PBXBuildFile; fileRef = 6472DEB823485396009B75C0 /* PlayAreaNode.swift */; };
		6472DEBB23485553009B75C0 /* ActorArea.sks in Resources */ = {isa = PBXBuildFile; fileRef = 6472DEBA23485553009B75C0 /* ActorArea.sks */; };
		6472DEBD2348558A009B75C0 /* ActorScene.sks in Resources */ = {isa = PBXBuildFile; fileRef = 6472DEBC2348558A009B75C0 /* ActorScene.sks */; };
		6472DEBF234856E4009B75C0 /* ActorNode.swift in Sources */ = {isa = PBXBuildFile; fileRef = 6472DEBE234856E4009B75C0 /* ActorNode.swift */; };
		6472DEF123487BAE009B75C0 /* EventHandler.swift in Sources */ = {isa = PBXBuildFile; fileRef = 6472DEE323487BAD009B75C0 /* EventHandler.swift */; };
		6472DEF223487BAE009B75C0 /* ICardPlayer.swift in Sources */ = {isa = PBXBuildFile; fileRef = 6472DEE423487BAD009B75C0 /* ICardPlayer.swift */; };
		6472DEF323487BAE009B75C0 /* SharpCards.swift in Sources */ = {isa = PBXBuildFile; fileRef = 6472DEE523487BAD009B75C0 /* SharpCards.swift */; };
		6472DEF423487BAE009B75C0 /* Stack.swift in Sources */ = {isa = PBXBuildFile; fileRef = 6472DEE623487BAD009B75C0 /* Stack.swift */; };
		6472DEF523487BAE009B75C0 /* BattleState.swift in Sources */ = {isa = PBXBuildFile; fileRef = 6472DEE723487BAD009B75C0 /* BattleState.swift */; };
		6472DEF623487BAE009B75C0 /* FaithCards.swift in Sources */ = {isa = PBXBuildFile; fileRef = 6472DEE823487BAD009B75C0 /* FaithCards.swift */; };
		6472DEF723487BAE009B75C0 /* MightCards.swift in Sources */ = {isa = PBXBuildFile; fileRef = 6472DEE923487BAD009B75C0 /* MightCards.swift */; };
		6472DEF823487BAE009B75C0 /* IBody.swift in Sources */ = {isa = PBXBuildFile; fileRef = 6472DEEA23487BAD009B75C0 /* IBody.swift */; };
		6472DEF923487BAE009B75C0 /* CharmCards.swift in Sources */ = {isa = PBXBuildFile; fileRef = 6472DEEB23487BAD009B75C0 /* CharmCards.swift */; };
		6472DEFA23487BAE009B75C0 /* Enemy.swift in Sources */ = {isa = PBXBuildFile; fileRef = 6472DEEC23487BAD009B75C0 /* Enemy.swift */; };
		6472DEFB23487BAE009B75C0 /* CardStrategy.swift in Sources */ = {isa = PBXBuildFile; fileRef = 6472DEED23487BAD009B75C0 /* CardStrategy.swift */; };
		6472DEFC23487BAE009B75C0 /* NeutralCards.swift in Sources */ = {isa = PBXBuildFile; fileRef = 6472DEEE23487BAD009B75C0 /* NeutralCards.swift */; };
		6472DEFD23487BAE009B75C0 /* GuileCards.swift in Sources */ = {isa = PBXBuildFile; fileRef = 6472DEEF23487BAD009B75C0 /* GuileCards.swift */; };
		6472DEFE23487BAE009B75C0 /* Actor.swift in Sources */ = {isa = PBXBuildFile; fileRef = 6472DEF023487BAE009B75C0 /* Actor.swift */; };
		6472DF002348ADAC009B75C0 /* EndTurnButton.swift in Sources */ = {isa = PBXBuildFile; fileRef = 6472DEFF2348ADAC009B75C0 /* EndTurnButton.swift */; };
		6472DF032349D8B4009B75C0 /* CardNodeImageProvider.swift in Sources */ = {isa = PBXBuildFile; fileRef = 6472DF022349D8B4009B75C0 /* CardNodeImageProvider.swift */; };
		6472DF052349DFF7009B75C0 /* FontHandler.swift in Sources */ = {isa = PBXBuildFile; fileRef = 6472DF042349DFF7009B75C0 /* FontHandler.swift */; };
		6472DF07234ADA85009B75C0 /* ArrowNode.swift in Sources */ = {isa = PBXBuildFile; fileRef = 6472DF06234ADA85009B75C0 /* ArrowNode.swift */; };
		6472DF09234B3F80009B75C0 /* CardNodePool.swift in Sources */ = {isa = PBXBuildFile; fileRef = 6472DF08234B3F80009B75C0 /* CardNodePool.swift */; };
		6472DF0C234C11B6009B75C0 /* Event.swift in Sources */ = {isa = PBXBuildFile; fileRef = 6472DF0B234C11B6009B75C0 /* Event.swift */; };
		6472DF0F234C3D0F009B75C0 /* BattleScene.swift in Sources */ = {isa = PBXBuildFile; fileRef = 6472DF0E234C3D0F009B75C0 /* BattleScene.swift */; };
		64B4546B235EBE9000D43450 /* ViewDeckScene.sks in Resources */ = {isa = PBXBuildFile; fileRef = 64B4546A235EBE9000D43450 /* ViewDeckScene.sks */; };
		64B4546D235EBE9F00D43450 /* ViewDeckScene.swift in Sources */ = {isa = PBXBuildFile; fileRef = 64B4546C235EBE9F00D43450 /* ViewDeckScene.swift */; };
		64B4546F236158DD00D43450 /* ViewDeckViewController.swift in Sources */ = {isa = PBXBuildFile; fileRef = 64B4546E236158DD00D43450 /* ViewDeckViewController.swift */; };
		64B9AF052358641D00610AD2 /* ChooseRewardNode.swift in Sources */ = {isa = PBXBuildFile; fileRef = 64B9AF042358641D00610AD2 /* ChooseRewardNode.swift */; };
		64B9AF07235A7A7500610AD2 /* Knapsack.swift in Sources */ = {isa = PBXBuildFile; fileRef = 64B9AF06235A7A7500610AD2 /* Knapsack.swift */; };
		64B9AF0B235A8B3D00610AD2 /* KnapsackTests.swift in Sources */ = {isa = PBXBuildFile; fileRef = 64B9AF0A235A8B3D00610AD2 /* KnapsackTests.swift */; };
		64B9AF0E235C211900610AD2 /* TownScene.sks in Resources */ = {isa = PBXBuildFile; fileRef = 64B9AF0D235C211900610AD2 /* TownScene.sks */; };
		64B9AF10235C212F00610AD2 /* TownScene.swift in Sources */ = {isa = PBXBuildFile; fileRef = 64B9AF0F235C212F00610AD2 /* TownScene.swift */; };
		64B9AF15235C7AC800610AD2 /* SelectBuildingViewController.swift in Sources */ = {isa = PBXBuildFile; fileRef = 64B9AF14235C7AC800610AD2 /* SelectBuildingViewController.swift */; };
		64B9AF17235D6B6C00610AD2 /* Building.swift in Sources */ = {isa = PBXBuildFile; fileRef = 64B9AF16235D6B6C00610AD2 /* Building.swift */; };
		64FF02CB2355651D0000C93E /* BattleStateSerializationTests.swift in Sources */ = {isa = PBXBuildFile; fileRef = 64FF02CA2355651D0000C93E /* BattleStateSerializationTests.swift */; };
		64FF02CD235588540000C93E /* SeededRandomNumberGenerator.swift in Sources */ = {isa = PBXBuildFile; fileRef = 64FF02CC235588540000C93E /* SeededRandomNumberGenerator.swift */; };
		64FF02D22355A6E10000C93E /* CardOfferer.swift in Sources */ = {isa = PBXBuildFile; fileRef = 64FF02D12355A6E10000C93E /* CardOfferer.swift */; };
		A6E40F088316BC7C0E00E3EE /* Pods_VitruviusSpriteKitTests.framework in Frameworks */ = {isa = PBXBuildFile; fileRef = 269D28A3B8D8578A4D2B407D /* Pods_VitruviusSpriteKitTests.framework */; };
		B86E1ABDA379B783123B04DB /* Pods_VitruviusSpriteKitUITests.framework in Frameworks */ = {isa = PBXBuildFile; fileRef = 17C0EFD2A3C9E9903E2C3D77 /* Pods_VitruviusSpriteKitUITests.framework */; };
		DBC68E0420A193416FB9CE9C /* Pods_VitruviusSpriteKit.framework in Frameworks */ = {isa = PBXBuildFile; fileRef = 3332D313E2EF0F35250995E8 /* Pods_VitruviusSpriteKit.framework */; };
/* End PBXBuildFile section */

/* Begin PBXContainerItemProxy section */
		643588CF2345FD93007334D9 /* PBXContainerItemProxy */ = {
			isa = PBXContainerItemProxy;
			containerPortal = 643588AC2345FD8F007334D9 /* Project object */;
			proxyType = 1;
			remoteGlobalIDString = 643588B32345FD8F007334D9;
			remoteInfo = VitruviusSpriteKit;
		};
		643588DA2345FD93007334D9 /* PBXContainerItemProxy */ = {
			isa = PBXContainerItemProxy;
			containerPortal = 643588AC2345FD8F007334D9 /* Project object */;
			proxyType = 1;
			remoteGlobalIDString = 643588B32345FD8F007334D9;
			remoteInfo = VitruviusSpriteKit;
		};
/* End PBXContainerItemProxy section */

/* Begin PBXFileReference section */
		124899FC94D7A9F3B38EF921 /* Pods-VitruviusSpriteKitUITests.release.xcconfig */ = {isa = PBXFileReference; includeInIndex = 1; lastKnownFileType = text.xcconfig; name = "Pods-VitruviusSpriteKitUITests.release.xcconfig"; path = "Pods/Target Support Files/Pods-VitruviusSpriteKitUITests/Pods-VitruviusSpriteKitUITests.release.xcconfig"; sourceTree = "<group>"; };
		17C0EFD2A3C9E9903E2C3D77 /* Pods_VitruviusSpriteKitUITests.framework */ = {isa = PBXFileReference; explicitFileType = wrapper.framework; includeInIndex = 0; path = Pods_VitruviusSpriteKitUITests.framework; sourceTree = BUILT_PRODUCTS_DIR; };
		269D28A3B8D8578A4D2B407D /* Pods_VitruviusSpriteKitTests.framework */ = {isa = PBXFileReference; explicitFileType = wrapper.framework; includeInIndex = 0; path = Pods_VitruviusSpriteKitTests.framework; sourceTree = BUILT_PRODUCTS_DIR; };
		3332D313E2EF0F35250995E8 /* Pods_VitruviusSpriteKit.framework */ = {isa = PBXFileReference; explicitFileType = wrapper.framework; includeInIndex = 0; path = Pods_VitruviusSpriteKit.framework; sourceTree = BUILT_PRODUCTS_DIR; };
		3D01DB9B098B92C76CD42283 /* Pods-VitruviusSpriteKit.release.xcconfig */ = {isa = PBXFileReference; includeInIndex = 1; lastKnownFileType = text.xcconfig; name = "Pods-VitruviusSpriteKit.release.xcconfig"; path = "Pods/Target Support Files/Pods-VitruviusSpriteKit/Pods-VitruviusSpriteKit.release.xcconfig"; sourceTree = "<group>"; };
		3FB9FC13202BBE0E4A02A5C4 /* Pods-VitruviusSpriteKit.debug.xcconfig */ = {isa = PBXFileReference; includeInIndex = 1; lastKnownFileType = text.xcconfig; name = "Pods-VitruviusSpriteKit.debug.xcconfig"; path = "Pods/Target Support Files/Pods-VitruviusSpriteKit/Pods-VitruviusSpriteKit.debug.xcconfig"; sourceTree = "<group>"; };
		64096038234D82390046E0A1 /* EventTests.swift */ = {isa = PBXFileReference; lastKnownFileType = sourcecode.swift; path = EventTests.swift; sourceTree = "<group>"; };
		6409603A234D9E770046E0A1 /* NeutralCardTests.swift */ = {isa = PBXFileReference; lastKnownFileType = sourcecode.swift; path = NeutralCardTests.swift; sourceTree = "<group>"; };
		6409603D234DACFB0046E0A1 /* SerializationTests.swift */ = {isa = PBXFileReference; lastKnownFileType = sourcecode.swift; path = SerializationTests.swift; sourceTree = "<group>"; };
		6409603F234DC9040046E0A1 /* EventSerializationTests.swift */ = {isa = PBXFileReference; lastKnownFileType = sourcecode.swift; path = EventSerializationTests.swift; sourceTree = "<group>"; };
		641836242362A87200FABF66 /* TavernViewController.swift */ = {isa = PBXFileReference; lastKnownFileType = sourcecode.swift; path = TavernViewController.swift; sourceTree = "<group>"; };
		641836262362B28400FABF66 /* BattleViewController.swift */ = {isa = PBXFileReference; lastKnownFileType = sourcecode.swift; path = BattleViewController.swift; sourceTree = "<group>"; };
		641836292362CA2F00FABF66 /* Faction.swift */ = {isa = PBXFileReference; lastKnownFileType = sourcecode.swift; path = Faction.swift; sourceTree = "<group>"; };
		6418362B2362CA4000FABF66 /* Mission.swift */ = {isa = PBXFileReference; lastKnownFileType = sourcecode.swift; path = Mission.swift; sourceTree = "<group>"; };
		6418362E236408D600FABF66 /* SelectCharacterViewController.swift */ = {isa = PBXFileReference; lastKnownFileType = sourcecode.swift; path = SelectCharacterViewController.swift; sourceTree = "<group>"; };
		64183630236410F500FABF66 /* GameState.swift */ = {isa = PBXFileReference; lastKnownFileType = sourcecode.swift; path = GameState.swift; sourceTree = "<group>"; };
		64183632236414E900FABF66 /* GameNavigationController.swift */ = {isa = PBXFileReference; lastKnownFileType = sourcecode.swift; path = GameNavigationController.swift; sourceTree = "<group>"; };
		641836342364177A00FABF66 /* BuildingNode.swift */ = {isa = PBXFileReference; lastKnownFileType = sourcecode.swift; path = BuildingNode.swift; sourceTree = "<group>"; };
		64183637236423D400FABF66 /* AutoSaver.swift */ = {isa = PBXFileReference; lastKnownFileType = sourcecode.swift; path = AutoSaver.swift; sourceTree = "<group>"; };
		643588B42345FD8F007334D9 /* VitruviusSpriteKit.app */ = {isa = PBXFileReference; explicitFileType = wrapper.application; includeInIndex = 0; path = VitruviusSpriteKit.app; sourceTree = BUILT_PRODUCTS_DIR; };
		643588B72345FD8F007334D9 /* AppDelegate.swift */ = {isa = PBXFileReference; lastKnownFileType = sourcecode.swift; path = AppDelegate.swift; sourceTree = "<group>"; };
		643588BB2345FD8F007334D9 /* Actions.sks */ = {isa = PBXFileReference; lastKnownFileType = file.sks; path = Actions.sks; sourceTree = "<group>"; };
		643588BF2345FD8F007334D9 /* GameViewController.swift */ = {isa = PBXFileReference; lastKnownFileType = sourcecode.swift; path = GameViewController.swift; sourceTree = "<group>"; };
		643588C22345FD8F007334D9 /* Base */ = {isa = PBXFileReference; lastKnownFileType = file.storyboard; name = Base; path = Base.lproj/Main.storyboard; sourceTree = "<group>"; };
		643588C42345FD92007334D9 /* Assets.xcassets */ = {isa = PBXFileReference; lastKnownFileType = folder.assetcatalog; path = Assets.xcassets; sourceTree = "<group>"; };
		643588C72345FD92007334D9 /* Base */ = {isa = PBXFileReference; lastKnownFileType = file.storyboard; name = Base; path = Base.lproj/LaunchScreen.storyboard; sourceTree = "<group>"; };
		643588C92345FD92007334D9 /* Info.plist */ = {isa = PBXFileReference; lastKnownFileType = text.plist.xml; path = Info.plist; sourceTree = "<group>"; };
		643588CE2345FD93007334D9 /* VitruviusSpriteKitTests.xctest */ = {isa = PBXFileReference; explicitFileType = wrapper.cfbundle; includeInIndex = 0; path = VitruviusSpriteKitTests.xctest; sourceTree = BUILT_PRODUCTS_DIR; };
		643588D22345FD93007334D9 /* VitruviusSpriteKitTests.swift */ = {isa = PBXFileReference; lastKnownFileType = sourcecode.swift; path = VitruviusSpriteKitTests.swift; sourceTree = "<group>"; };
		643588D42345FD93007334D9 /* Info.plist */ = {isa = PBXFileReference; lastKnownFileType = text.plist.xml; path = Info.plist; sourceTree = "<group>"; };
		643588D92345FD93007334D9 /* VitruviusSpriteKitUITests.xctest */ = {isa = PBXFileReference; explicitFileType = wrapper.cfbundle; includeInIndex = 0; path = VitruviusSpriteKitUITests.xctest; sourceTree = BUILT_PRODUCTS_DIR; };
		643588DD2345FD93007334D9 /* VitruviusSpriteKitUITests.swift */ = {isa = PBXFileReference; lastKnownFileType = sourcecode.swift; path = VitruviusSpriteKitUITests.swift; sourceTree = "<group>"; };
		643588DF2345FD93007334D9 /* Info.plist */ = {isa = PBXFileReference; lastKnownFileType = text.plist.xml; path = Info.plist; sourceTree = "<group>"; };
		643588ED2345FEEF007334D9 /* CardNode.swift */ = {isa = PBXFileReference; lastKnownFileType = sourcecode.swift; path = CardNode.swift; sourceTree = "<group>"; };
		644450D5236172B2002567FF /* TownViewController.swift */ = {isa = PBXFileReference; lastKnownFileType = sourcecode.swift; path = TownViewController.swift; sourceTree = "<group>"; };
		645DAD5A234EEECE00F633F3 /* EffectSerializationTests.swift */ = {isa = PBXFileReference; lastKnownFileType = sourcecode.swift; path = EffectSerializationTests.swift; sourceTree = "<group>"; };
		6472DEB223461A7E009B75C0 /* BattleScene.sks */ = {isa = PBXFileReference; lastKnownFileType = file.sks; path = BattleScene.sks; sourceTree = "<group>"; };
		6472DEB42347072F009B75C0 /* CardSceneWood.sks */ = {isa = PBXFileReference; lastKnownFileType = file.sks; path = CardSceneWood.sks; sourceTree = "<group>"; };
		6472DEB6234727F7009B75C0 /* HandNode.swift */ = {isa = PBXFileReference; lastKnownFileType = sourcecode.swift; path = HandNode.swift; sourceTree = "<group>"; };
		6472DEB823485396009B75C0 /* PlayAreaNode.swift */ = {isa = PBXFileReference; lastKnownFileType = sourcecode.swift; path = PlayAreaNode.swift; sourceTree = "<group>"; };
		6472DEBA23485553009B75C0 /* ActorArea.sks */ = {isa = PBXFileReference; lastKnownFileType = file.sks; path = ActorArea.sks; sourceTree = "<group>"; };
		6472DEBC2348558A009B75C0 /* ActorScene.sks */ = {isa = PBXFileReference; lastKnownFileType = file.sks; path = ActorScene.sks; sourceTree = "<group>"; };
		6472DEBE234856E4009B75C0 /* ActorNode.swift */ = {isa = PBXFileReference; lastKnownFileType = sourcecode.swift; path = ActorNode.swift; sourceTree = "<group>"; };
		6472DEE323487BAD009B75C0 /* EventHandler.swift */ = {isa = PBXFileReference; fileEncoding = 4; lastKnownFileType = sourcecode.swift; path = EventHandler.swift; sourceTree = "<group>"; };
		6472DEE423487BAD009B75C0 /* ICardPlayer.swift */ = {isa = PBXFileReference; fileEncoding = 4; lastKnownFileType = sourcecode.swift; path = ICardPlayer.swift; sourceTree = "<group>"; };
		6472DEE523487BAD009B75C0 /* SharpCards.swift */ = {isa = PBXFileReference; fileEncoding = 4; lastKnownFileType = sourcecode.swift; path = SharpCards.swift; sourceTree = "<group>"; };
		6472DEE623487BAD009B75C0 /* Stack.swift */ = {isa = PBXFileReference; fileEncoding = 4; lastKnownFileType = sourcecode.swift; path = Stack.swift; sourceTree = "<group>"; };
		6472DEE723487BAD009B75C0 /* BattleState.swift */ = {isa = PBXFileReference; fileEncoding = 4; lastKnownFileType = sourcecode.swift; path = BattleState.swift; sourceTree = "<group>"; };
		6472DEE823487BAD009B75C0 /* FaithCards.swift */ = {isa = PBXFileReference; fileEncoding = 4; lastKnownFileType = sourcecode.swift; path = FaithCards.swift; sourceTree = "<group>"; };
		6472DEE923487BAD009B75C0 /* MightCards.swift */ = {isa = PBXFileReference; fileEncoding = 4; lastKnownFileType = sourcecode.swift; path = MightCards.swift; sourceTree = "<group>"; };
		6472DEEA23487BAD009B75C0 /* IBody.swift */ = {isa = PBXFileReference; fileEncoding = 4; lastKnownFileType = sourcecode.swift; path = IBody.swift; sourceTree = "<group>"; };
		6472DEEB23487BAD009B75C0 /* CharmCards.swift */ = {isa = PBXFileReference; fileEncoding = 4; lastKnownFileType = sourcecode.swift; path = CharmCards.swift; sourceTree = "<group>"; };
		6472DEEC23487BAD009B75C0 /* Enemy.swift */ = {isa = PBXFileReference; fileEncoding = 4; lastKnownFileType = sourcecode.swift; path = Enemy.swift; sourceTree = "<group>"; };
		6472DEED23487BAD009B75C0 /* CardStrategy.swift */ = {isa = PBXFileReference; fileEncoding = 4; lastKnownFileType = sourcecode.swift; path = CardStrategy.swift; sourceTree = "<group>"; };
		6472DEEE23487BAD009B75C0 /* NeutralCards.swift */ = {isa = PBXFileReference; fileEncoding = 4; lastKnownFileType = sourcecode.swift; path = NeutralCards.swift; sourceTree = "<group>"; };
		6472DEEF23487BAD009B75C0 /* GuileCards.swift */ = {isa = PBXFileReference; fileEncoding = 4; lastKnownFileType = sourcecode.swift; path = GuileCards.swift; sourceTree = "<group>"; };
		6472DEF023487BAE009B75C0 /* Actor.swift */ = {isa = PBXFileReference; fileEncoding = 4; lastKnownFileType = sourcecode.swift; path = Actor.swift; sourceTree = "<group>"; };
		6472DEFF2348ADAC009B75C0 /* EndTurnButton.swift */ = {isa = PBXFileReference; lastKnownFileType = sourcecode.swift; path = EndTurnButton.swift; sourceTree = "<group>"; };
		6472DF022349D8B4009B75C0 /* CardNodeImageProvider.swift */ = {isa = PBXFileReference; lastKnownFileType = sourcecode.swift; path = CardNodeImageProvider.swift; sourceTree = "<group>"; };
		6472DF042349DFF7009B75C0 /* FontHandler.swift */ = {isa = PBXFileReference; lastKnownFileType = sourcecode.swift; path = FontHandler.swift; sourceTree = "<group>"; };
		6472DF06234ADA85009B75C0 /* ArrowNode.swift */ = {isa = PBXFileReference; lastKnownFileType = sourcecode.swift; path = ArrowNode.swift; sourceTree = "<group>"; };
		6472DF08234B3F80009B75C0 /* CardNodePool.swift */ = {isa = PBXFileReference; lastKnownFileType = sourcecode.swift; path = CardNodePool.swift; sourceTree = "<group>"; };
		6472DF0B234C11B6009B75C0 /* Event.swift */ = {isa = PBXFileReference; lastKnownFileType = sourcecode.swift; path = Event.swift; sourceTree = "<group>"; };
		6472DF0E234C3D0F009B75C0 /* BattleScene.swift */ = {isa = PBXFileReference; lastKnownFileType = sourcecode.swift; path = BattleScene.swift; sourceTree = "<group>"; };
		64B4546A235EBE9000D43450 /* ViewDeckScene.sks */ = {isa = PBXFileReference; lastKnownFileType = file.sks; path = ViewDeckScene.sks; sourceTree = "<group>"; };
		64B4546C235EBE9F00D43450 /* ViewDeckScene.swift */ = {isa = PBXFileReference; lastKnownFileType = sourcecode.swift; path = ViewDeckScene.swift; sourceTree = "<group>"; };
		64B4546E236158DD00D43450 /* ViewDeckViewController.swift */ = {isa = PBXFileReference; lastKnownFileType = sourcecode.swift; path = ViewDeckViewController.swift; sourceTree = "<group>"; };
		64B9AF042358641D00610AD2 /* ChooseRewardNode.swift */ = {isa = PBXFileReference; lastKnownFileType = sourcecode.swift; path = ChooseRewardNode.swift; sourceTree = "<group>"; };
		64B9AF06235A7A7500610AD2 /* Knapsack.swift */ = {isa = PBXFileReference; lastKnownFileType = sourcecode.swift; path = Knapsack.swift; sourceTree = "<group>"; };
		64B9AF0A235A8B3D00610AD2 /* KnapsackTests.swift */ = {isa = PBXFileReference; lastKnownFileType = sourcecode.swift; path = KnapsackTests.swift; sourceTree = "<group>"; };
		64B9AF0D235C211900610AD2 /* TownScene.sks */ = {isa = PBXFileReference; lastKnownFileType = file.sks; path = TownScene.sks; sourceTree = "<group>"; };
		64B9AF0F235C212F00610AD2 /* TownScene.swift */ = {isa = PBXFileReference; lastKnownFileType = sourcecode.swift; path = TownScene.swift; sourceTree = "<group>"; };
		64B9AF14235C7AC800610AD2 /* SelectBuildingViewController.swift */ = {isa = PBXFileReference; lastKnownFileType = sourcecode.swift; path = SelectBuildingViewController.swift; sourceTree = "<group>"; };
		64B9AF16235D6B6C00610AD2 /* Building.swift */ = {isa = PBXFileReference; lastKnownFileType = sourcecode.swift; path = Building.swift; sourceTree = "<group>"; };
		64FF02CA2355651D0000C93E /* BattleStateSerializationTests.swift */ = {isa = PBXFileReference; lastKnownFileType = sourcecode.swift; path = BattleStateSerializationTests.swift; sourceTree = "<group>"; };
		64FF02CC235588540000C93E /* SeededRandomNumberGenerator.swift */ = {isa = PBXFileReference; lastKnownFileType = sourcecode.swift; path = SeededRandomNumberGenerator.swift; sourceTree = "<group>"; };
		64FF02D12355A6E10000C93E /* CardOfferer.swift */ = {isa = PBXFileReference; lastKnownFileType = sourcecode.swift; path = CardOfferer.swift; sourceTree = "<group>"; };
		96DA3841CCD574595D78006D /* Pods-VitruviusSpriteKitTests.debug.xcconfig */ = {isa = PBXFileReference; includeInIndex = 1; lastKnownFileType = text.xcconfig; name = "Pods-VitruviusSpriteKitTests.debug.xcconfig"; path = "Pods/Target Support Files/Pods-VitruviusSpriteKitTests/Pods-VitruviusSpriteKitTests.debug.xcconfig"; sourceTree = "<group>"; };
		A5E969341E28F35D5775FD26 /* Pods-VitruviusSpriteKitUITests.debug.xcconfig */ = {isa = PBXFileReference; includeInIndex = 1; lastKnownFileType = text.xcconfig; name = "Pods-VitruviusSpriteKitUITests.debug.xcconfig"; path = "Pods/Target Support Files/Pods-VitruviusSpriteKitUITests/Pods-VitruviusSpriteKitUITests.debug.xcconfig"; sourceTree = "<group>"; };
		AC5B889ED1952C6DF40599F5 /* Pods-VitruviusSpriteKitTests.release.xcconfig */ = {isa = PBXFileReference; includeInIndex = 1; lastKnownFileType = text.xcconfig; name = "Pods-VitruviusSpriteKitTests.release.xcconfig"; path = "Pods/Target Support Files/Pods-VitruviusSpriteKitTests/Pods-VitruviusSpriteKitTests.release.xcconfig"; sourceTree = "<group>"; };
/* End PBXFileReference section */

/* Begin PBXFrameworksBuildPhase section */
		643588B12345FD8F007334D9 /* Frameworks */ = {
			isa = PBXFrameworksBuildPhase;
			buildActionMask = 2147483647;
			files = (
				DBC68E0420A193416FB9CE9C /* Pods_VitruviusSpriteKit.framework in Frameworks */,
			);
			runOnlyForDeploymentPostprocessing = 0;
		};
		643588CB2345FD93007334D9 /* Frameworks */ = {
			isa = PBXFrameworksBuildPhase;
			buildActionMask = 2147483647;
			files = (
				A6E40F088316BC7C0E00E3EE /* Pods_VitruviusSpriteKitTests.framework in Frameworks */,
			);
			runOnlyForDeploymentPostprocessing = 0;
		};
		643588D62345FD93007334D9 /* Frameworks */ = {
			isa = PBXFrameworksBuildPhase;
			buildActionMask = 2147483647;
			files = (
				B86E1ABDA379B783123B04DB /* Pods_VitruviusSpriteKitUITests.framework in Frameworks */,
			);
			runOnlyForDeploymentPostprocessing = 0;
		};
/* End PBXFrameworksBuildPhase section */

/* Begin PBXGroup section */
		03599941A96FCF50BB39E3B6 /* Pods */ = {
			isa = PBXGroup;
			children = (
				3FB9FC13202BBE0E4A02A5C4 /* Pods-VitruviusSpriteKit.debug.xcconfig */,
				3D01DB9B098B92C76CD42283 /* Pods-VitruviusSpriteKit.release.xcconfig */,
				96DA3841CCD574595D78006D /* Pods-VitruviusSpriteKitTests.debug.xcconfig */,
				AC5B889ED1952C6DF40599F5 /* Pods-VitruviusSpriteKitTests.release.xcconfig */,
				A5E969341E28F35D5775FD26 /* Pods-VitruviusSpriteKitUITests.debug.xcconfig */,
				124899FC94D7A9F3B38EF921 /* Pods-VitruviusSpriteKitUITests.release.xcconfig */,
			);
			name = Pods;
			sourceTree = "<group>";
		};
		64096037234D82200046E0A1 /* EventTests */ = {
			isa = PBXGroup;
			children = (
				64096038234D82390046E0A1 /* EventTests.swift */,
				6409603A234D9E770046E0A1 /* NeutralCardTests.swift */,
			);
			path = EventTests;
			sourceTree = "<group>";
		};
		6409603C234DACE00046E0A1 /* SerializationTests */ = {
			isa = PBXGroup;
			children = (
				6409603D234DACFB0046E0A1 /* SerializationTests.swift */,
				6409603F234DC9040046E0A1 /* EventSerializationTests.swift */,
				645DAD5A234EEECE00F633F3 /* EffectSerializationTests.swift */,
				64FF02CA2355651D0000C93E /* BattleStateSerializationTests.swift */,
			);
			path = SerializationTests;
			sourceTree = "<group>";
		};
		641836232362A85D00FABF66 /* TavernViewController */ = {
			isa = PBXGroup;
			children = (
				641836242362A87200FABF66 /* TavernViewController.swift */,
			);
			path = TavernViewController;
			sourceTree = "<group>";
		};
		641836282362CA1800FABF66 /* State */ = {
			isa = PBXGroup;
			children = (
				6472DEE723487BAD009B75C0 /* BattleState.swift */,
				641836292362CA2F00FABF66 /* Faction.swift */,
				6418362B2362CA4000FABF66 /* Mission.swift */,
				64183630236410F500FABF66 /* GameState.swift */,
			);
			path = State;
			sourceTree = "<group>";
		};
		6418362D236408BF00FABF66 /* SelectCharacterViewController */ = {
			isa = PBXGroup;
			children = (
				6418362E236408D600FABF66 /* SelectCharacterViewController.swift */,
			);
			path = SelectCharacterViewController;
			sourceTree = "<group>";
		};
		64183636236423C400FABF66 /* Saving and Loading */ = {
			isa = PBXGroup;
			children = (
				64183637236423D400FABF66 /* AutoSaver.swift */,
			);
			path = "Saving and Loading";
			sourceTree = "<group>";
		};
		643588AB2345FD8F007334D9 = {
			isa = PBXGroup;
			children = (
				643588B62345FD8F007334D9 /* VitruviusSpriteKit */,
				643588D12345FD93007334D9 /* VitruviusSpriteKitTests */,
				643588DC2345FD93007334D9 /* VitruviusSpriteKitUITests */,
				643588B52345FD8F007334D9 /* Products */,
				03599941A96FCF50BB39E3B6 /* Pods */,
				FDB65BD5695810019BFBA59C /* Frameworks */,
			);
			sourceTree = "<group>";
		};
		643588B52345FD8F007334D9 /* Products */ = {
			isa = PBXGroup;
			children = (
				643588B42345FD8F007334D9 /* VitruviusSpriteKit.app */,
				643588CE2345FD93007334D9 /* VitruviusSpriteKitTests.xctest */,
				643588D92345FD93007334D9 /* VitruviusSpriteKitUITests.xctest */,
			);
			name = Products;
			sourceTree = "<group>";
		};
		643588B62345FD8F007334D9 /* VitruviusSpriteKit */ = {
			isa = PBXGroup;
			children = (
				64183636236423C400FABF66 /* Saving and Loading */,
				6418362D236408BF00FABF66 /* SelectCharacterViewController */,
				64B45469235EBE7B00D43450 /* TestCardViewerScene */,
				64B9AF11235C295900610AD2 /* DialogScene */,
				64B9AF0C235C20F800610AD2 /* TownScene */,
				6472DF0D234C3B4F009B75C0 /* BattleScene */,
				6472DF012349D893009B75C0 /* SKCards */,
				6472DEE223487B97009B75C0 /* Engine */,
				643588B72345FD8F007334D9 /* AppDelegate.swift */,
				643588BB2345FD8F007334D9 /* Actions.sks */,
				643588BF2345FD8F007334D9 /* GameViewController.swift */,
				643588C12345FD8F007334D9 /* Main.storyboard */,
				643588C42345FD92007334D9 /* Assets.xcassets */,
				643588C62345FD92007334D9 /* LaunchScreen.storyboard */,
				643588C92345FD92007334D9 /* Info.plist */,
				6472DEB6234727F7009B75C0 /* HandNode.swift */,
				6472DEB823485396009B75C0 /* PlayAreaNode.swift */,
				6472DEBA23485553009B75C0 /* ActorArea.sks */,
				6472DEBC2348558A009B75C0 /* ActorScene.sks */,
				6472DEBE234856E4009B75C0 /* ActorNode.swift */,
				6472DEFF2348ADAC009B75C0 /* EndTurnButton.swift */,
				6472DF042349DFF7009B75C0 /* FontHandler.swift */,
				6472DF06234ADA85009B75C0 /* ArrowNode.swift */,
				64183632236414E900FABF66 /* GameNavigationController.swift */,
			);
			path = VitruviusSpriteKit;
			sourceTree = "<group>";
		};
		643588D12345FD93007334D9 /* VitruviusSpriteKitTests */ = {
			isa = PBXGroup;
			children = (
				6409603C234DACE00046E0A1 /* SerializationTests */,
				64096037234D82200046E0A1 /* EventTests */,
				643588D22345FD93007334D9 /* VitruviusSpriteKitTests.swift */,
				643588D42345FD93007334D9 /* Info.plist */,
				64B9AF0A235A8B3D00610AD2 /* KnapsackTests.swift */,
			);
			path = VitruviusSpriteKitTests;
			sourceTree = "<group>";
		};
		643588DC2345FD93007334D9 /* VitruviusSpriteKitUITests */ = {
			isa = PBXGroup;
			children = (
				643588DD2345FD93007334D9 /* VitruviusSpriteKitUITests.swift */,
				643588DF2345FD93007334D9 /* Info.plist */,
			);
			path = VitruviusSpriteKitUITests;
			sourceTree = "<group>";
		};
		6472DEE223487B97009B75C0 /* Engine */ = {
			isa = PBXGroup;
			children = (
				641836282362CA1800FABF66 /* State */,
				64FF02CE2355A69F0000C93E /* Cards */,
				6472DEF023487BAE009B75C0 /* Actor.swift */,
				6472DEEC23487BAD009B75C0 /* Enemy.swift */,
				6472DF0A234C1199009B75C0 /* EventHandler */,
				6472DEEA23487BAD009B75C0 /* IBody.swift */,
				6472DEE423487BAD009B75C0 /* ICardPlayer.swift */,
				6472DEE623487BAD009B75C0 /* Stack.swift */,
				64FF02CC235588540000C93E /* SeededRandomNumberGenerator.swift */,
				64B9AF06235A7A7500610AD2 /* Knapsack.swift */,
			);
			path = Engine;
			sourceTree = "<group>";
		};
		6472DF012349D893009B75C0 /* SKCards */ = {
			isa = PBXGroup;
			children = (
				643588ED2345FEEF007334D9 /* CardNode.swift */,
				6472DF022349D8B4009B75C0 /* CardNodeImageProvider.swift */,
				6472DEB42347072F009B75C0 /* CardSceneWood.sks */,
				6472DF08234B3F80009B75C0 /* CardNodePool.swift */,
				64B9AF042358641D00610AD2 /* ChooseRewardNode.swift */,
			);
			path = SKCards;
			sourceTree = "<group>";
		};
		6472DF0A234C1199009B75C0 /* EventHandler */ = {
			isa = PBXGroup;
			children = (
				6472DF0B234C11B6009B75C0 /* Event.swift */,
				6472DEE323487BAD009B75C0 /* EventHandler.swift */,
			);
			path = EventHandler;
			sourceTree = "<group>";
		};
		6472DF0D234C3B4F009B75C0 /* BattleScene */ = {
			isa = PBXGroup;
			children = (
				6472DF0E234C3D0F009B75C0 /* BattleScene.swift */,
				6472DEB223461A7E009B75C0 /* BattleScene.sks */,
				641836262362B28400FABF66 /* BattleViewController.swift */,
			);
			path = BattleScene;
			sourceTree = "<group>";
		};
		64B45469235EBE7B00D43450 /* TestCardViewerScene */ = {
			isa = PBXGroup;
			children = (
				64B4546E236158DD00D43450 /* ViewDeckViewController.swift */,
				64B4546A235EBE9000D43450 /* ViewDeckScene.sks */,
				64B4546C235EBE9F00D43450 /* ViewDeckScene.swift */,
			);
			path = TestCardViewerScene;
			sourceTree = "<group>";
		};
		64B9AF0C235C20F800610AD2 /* TownScene */ = {
			isa = PBXGroup;
			children = (
				641836232362A85D00FABF66 /* TavernViewController */,
				64B9AF0D235C211900610AD2 /* TownScene.sks */,
				64B9AF16235D6B6C00610AD2 /* Building.swift */,
				64B9AF0F235C212F00610AD2 /* TownScene.swift */,
				641836342364177A00FABF66 /* BuildingNode.swift */,
				64B9AF14235C7AC800610AD2 /* SelectBuildingViewController.swift */,
				644450D5236172B2002567FF /* TownViewController.swift */,
			);
			path = TownScene;
			sourceTree = "<group>";
		};
		64B9AF11235C295900610AD2 /* DialogScene */ = {
			isa = PBXGroup;
			children = (
			);
			path = DialogScene;
			sourceTree = "<group>";
		};
		64FF02CE2355A69F0000C93E /* Cards */ = {
			isa = PBXGroup;
			children = (
				64FF02CF2355A6BC0000C93E /* CardStrategies */,
				64FF02D12355A6E10000C93E /* CardOfferer.swift */,
			);
			path = Cards;
			sourceTree = "<group>";
		};
		64FF02CF2355A6BC0000C93E /* CardStrategies */ = {
			isa = PBXGroup;
			children = (
				6472DEE823487BAD009B75C0 /* FaithCards.swift */,
				6472DEEF23487BAD009B75C0 /* GuileCards.swift */,
				6472DEED23487BAD009B75C0 /* CardStrategy.swift */,
				6472DEE923487BAD009B75C0 /* MightCards.swift */,
				6472DEEE23487BAD009B75C0 /* NeutralCards.swift */,
				6472DEE523487BAD009B75C0 /* SharpCards.swift */,
				6472DEEB23487BAD009B75C0 /* CharmCards.swift */,
			);
			path = CardStrategies;
			sourceTree = "<group>";
		};
		FDB65BD5695810019BFBA59C /* Frameworks */ = {
			isa = PBXGroup;
			children = (
				3332D313E2EF0F35250995E8 /* Pods_VitruviusSpriteKit.framework */,
				269D28A3B8D8578A4D2B407D /* Pods_VitruviusSpriteKitTests.framework */,
				17C0EFD2A3C9E9903E2C3D77 /* Pods_VitruviusSpriteKitUITests.framework */,
			);
			name = Frameworks;
			sourceTree = "<group>";
		};
/* End PBXGroup section */

/* Begin PBXNativeTarget section */
		643588B32345FD8F007334D9 /* VitruviusSpriteKit */ = {
			isa = PBXNativeTarget;
			buildConfigurationList = 643588E22345FD93007334D9 /* Build configuration list for PBXNativeTarget "VitruviusSpriteKit" */;
			buildPhases = (
				792A8473573B27663462A730 /* [CP] Check Pods Manifest.lock */,
				643588B02345FD8F007334D9 /* Sources */,
				643588B12345FD8F007334D9 /* Frameworks */,
				643588B22345FD8F007334D9 /* Resources */,
				CAF7A556680C9F79FAED28F9 /* [CP] Embed Pods Frameworks */,
			);
			buildRules = (
			);
			dependencies = (
			);
			name = VitruviusSpriteKit;
			productName = VitruviusSpriteKit;
			productReference = 643588B42345FD8F007334D9 /* VitruviusSpriteKit.app */;
			productType = "com.apple.product-type.application";
		};
		643588CD2345FD93007334D9 /* VitruviusSpriteKitTests */ = {
			isa = PBXNativeTarget;
			buildConfigurationList = 643588E52345FD93007334D9 /* Build configuration list for PBXNativeTarget "VitruviusSpriteKitTests" */;
			buildPhases = (
				0FC90C5ADE9E44050882BB9F /* [CP] Check Pods Manifest.lock */,
				643588CA2345FD93007334D9 /* Sources */,
				643588CB2345FD93007334D9 /* Frameworks */,
				643588CC2345FD93007334D9 /* Resources */,
			);
			buildRules = (
			);
			dependencies = (
				643588D02345FD93007334D9 /* PBXTargetDependency */,
			);
			name = VitruviusSpriteKitTests;
			productName = VitruviusSpriteKitTests;
			productReference = 643588CE2345FD93007334D9 /* VitruviusSpriteKitTests.xctest */;
			productType = "com.apple.product-type.bundle.unit-test";
		};
		643588D82345FD93007334D9 /* VitruviusSpriteKitUITests */ = {
			isa = PBXNativeTarget;
			buildConfigurationList = 643588E82345FD93007334D9 /* Build configuration list for PBXNativeTarget "VitruviusSpriteKitUITests" */;
			buildPhases = (
				9B5E16F2AF954AD419A11DA5 /* [CP] Check Pods Manifest.lock */,
				643588D52345FD93007334D9 /* Sources */,
				643588D62345FD93007334D9 /* Frameworks */,
				643588D72345FD93007334D9 /* Resources */,
			);
			buildRules = (
			);
			dependencies = (
				643588DB2345FD93007334D9 /* PBXTargetDependency */,
			);
			name = VitruviusSpriteKitUITests;
			productName = VitruviusSpriteKitUITests;
			productReference = 643588D92345FD93007334D9 /* VitruviusSpriteKitUITests.xctest */;
			productType = "com.apple.product-type.bundle.ui-testing";
		};
/* End PBXNativeTarget section */

/* Begin PBXProject section */
		643588AC2345FD8F007334D9 /* Project object */ = {
			isa = PBXProject;
			attributes = {
				LastSwiftUpdateCheck = 1100;
				LastUpgradeCheck = 1100;
				ORGANIZATIONNAME = "Benjamin Frost";
				TargetAttributes = {
					643588B32345FD8F007334D9 = {
						CreatedOnToolsVersion = 11.0;
					};
					643588CD2345FD93007334D9 = {
						CreatedOnToolsVersion = 11.0;
						TestTargetID = 643588B32345FD8F007334D9;
					};
					643588D82345FD93007334D9 = {
						CreatedOnToolsVersion = 11.0;
						TestTargetID = 643588B32345FD8F007334D9;
					};
				};
			};
			buildConfigurationList = 643588AF2345FD8F007334D9 /* Build configuration list for PBXProject "VitruviusSpriteKit" */;
			compatibilityVersion = "Xcode 9.3";
			developmentRegion = en;
			hasScannedForEncodings = 0;
			knownRegions = (
				en,
				Base,
			);
			mainGroup = 643588AB2345FD8F007334D9;
			productRefGroup = 643588B52345FD8F007334D9 /* Products */;
			projectDirPath = "";
			projectRoot = "";
			targets = (
				643588B32345FD8F007334D9 /* VitruviusSpriteKit */,
				643588CD2345FD93007334D9 /* VitruviusSpriteKitTests */,
				643588D82345FD93007334D9 /* VitruviusSpriteKitUITests */,
			);
		};
/* End PBXProject section */

/* Begin PBXResourcesBuildPhase section */
		643588B22345FD8F007334D9 /* Resources */ = {
			isa = PBXResourcesBuildPhase;
			buildActionMask = 2147483647;
			files = (
				643588C32345FD8F007334D9 /* Main.storyboard in Resources */,
				6472DEB323461A7E009B75C0 /* BattleScene.sks in Resources */,
				643588C52345FD92007334D9 /* Assets.xcassets in Resources */,
				6472DEBB23485553009B75C0 /* ActorArea.sks in Resources */,
				6472DEBD2348558A009B75C0 /* ActorScene.sks in Resources */,
				6472DEB52347072F009B75C0 /* CardSceneWood.sks in Resources */,
				64B4546B235EBE9000D43450 /* ViewDeckScene.sks in Resources */,
				64B9AF0E235C211900610AD2 /* TownScene.sks in Resources */,
				643588C82345FD92007334D9 /* LaunchScreen.storyboard in Resources */,
				643588BC2345FD8F007334D9 /* Actions.sks in Resources */,
			);
			runOnlyForDeploymentPostprocessing = 0;
		};
		643588CC2345FD93007334D9 /* Resources */ = {
			isa = PBXResourcesBuildPhase;
			buildActionMask = 2147483647;
			files = (
			);
			runOnlyForDeploymentPostprocessing = 0;
		};
		643588D72345FD93007334D9 /* Resources */ = {
			isa = PBXResourcesBuildPhase;
			buildActionMask = 2147483647;
			files = (
			);
			runOnlyForDeploymentPostprocessing = 0;
		};
/* End PBXResourcesBuildPhase section */

/* Begin PBXShellScriptBuildPhase section */
		0FC90C5ADE9E44050882BB9F /* [CP] Check Pods Manifest.lock */ = {
			isa = PBXShellScriptBuildPhase;
			buildActionMask = 2147483647;
			files = (
			);
			inputFileListPaths = (
			);
			inputPaths = (
				"${PODS_PODFILE_DIR_PATH}/Podfile.lock",
				"${PODS_ROOT}/Manifest.lock",
			);
			name = "[CP] Check Pods Manifest.lock";
			outputFileListPaths = (
			);
			outputPaths = (
				"$(DERIVED_FILE_DIR)/Pods-VitruviusSpriteKitTests-checkManifestLockResult.txt",
			);
			runOnlyForDeploymentPostprocessing = 0;
			shellPath = /bin/sh;
			shellScript = "diff \"${PODS_PODFILE_DIR_PATH}/Podfile.lock\" \"${PODS_ROOT}/Manifest.lock\" > /dev/null\nif [ $? != 0 ] ; then\n    # print error to STDERR\n    echo \"error: The sandbox is not in sync with the Podfile.lock. Run 'pod install' or update your CocoaPods installation.\" >&2\n    exit 1\nfi\n# This output is used by Xcode 'outputs' to avoid re-running this script phase.\necho \"SUCCESS\" > \"${SCRIPT_OUTPUT_FILE_0}\"\n";
			showEnvVarsInLog = 0;
		};
		792A8473573B27663462A730 /* [CP] Check Pods Manifest.lock */ = {
			isa = PBXShellScriptBuildPhase;
			buildActionMask = 2147483647;
			files = (
			);
			inputFileListPaths = (
			);
			inputPaths = (
				"${PODS_PODFILE_DIR_PATH}/Podfile.lock",
				"${PODS_ROOT}/Manifest.lock",
			);
			name = "[CP] Check Pods Manifest.lock";
			outputFileListPaths = (
			);
			outputPaths = (
				"$(DERIVED_FILE_DIR)/Pods-VitruviusSpriteKit-checkManifestLockResult.txt",
			);
			runOnlyForDeploymentPostprocessing = 0;
			shellPath = /bin/sh;
			shellScript = "diff \"${PODS_PODFILE_DIR_PATH}/Podfile.lock\" \"${PODS_ROOT}/Manifest.lock\" > /dev/null\nif [ $? != 0 ] ; then\n    # print error to STDERR\n    echo \"error: The sandbox is not in sync with the Podfile.lock. Run 'pod install' or update your CocoaPods installation.\" >&2\n    exit 1\nfi\n# This output is used by Xcode 'outputs' to avoid re-running this script phase.\necho \"SUCCESS\" > \"${SCRIPT_OUTPUT_FILE_0}\"\n";
			showEnvVarsInLog = 0;
		};
		9B5E16F2AF954AD419A11DA5 /* [CP] Check Pods Manifest.lock */ = {
			isa = PBXShellScriptBuildPhase;
			buildActionMask = 2147483647;
			files = (
			);
			inputFileListPaths = (
			);
			inputPaths = (
				"${PODS_PODFILE_DIR_PATH}/Podfile.lock",
				"${PODS_ROOT}/Manifest.lock",
			);
			name = "[CP] Check Pods Manifest.lock";
			outputFileListPaths = (
			);
			outputPaths = (
				"$(DERIVED_FILE_DIR)/Pods-VitruviusSpriteKitUITests-checkManifestLockResult.txt",
			);
			runOnlyForDeploymentPostprocessing = 0;
			shellPath = /bin/sh;
			shellScript = "diff \"${PODS_PODFILE_DIR_PATH}/Podfile.lock\" \"${PODS_ROOT}/Manifest.lock\" > /dev/null\nif [ $? != 0 ] ; then\n    # print error to STDERR\n    echo \"error: The sandbox is not in sync with the Podfile.lock. Run 'pod install' or update your CocoaPods installation.\" >&2\n    exit 1\nfi\n# This output is used by Xcode 'outputs' to avoid re-running this script phase.\necho \"SUCCESS\" > \"${SCRIPT_OUTPUT_FILE_0}\"\n";
			showEnvVarsInLog = 0;
		};
		CAF7A556680C9F79FAED28F9 /* [CP] Embed Pods Frameworks */ = {
			isa = PBXShellScriptBuildPhase;
			buildActionMask = 2147483647;
			files = (
			);
			inputFileListPaths = (
			);
			inputPaths = (
				"${SRCROOT}/Pods/Target Support Files/Pods-VitruviusSpriteKit/Pods-VitruviusSpriteKit-frameworks.sh",
				"${BUILT_PRODUCTS_DIR}/CollectionNode/CollectionNode.framework",
			);
			name = "[CP] Embed Pods Frameworks";
			outputFileListPaths = (
			);
			outputPaths = (
				"${TARGET_BUILD_DIR}/${FRAMEWORKS_FOLDER_PATH}/CollectionNode.framework",
			);
			runOnlyForDeploymentPostprocessing = 0;
			shellPath = /bin/sh;
			shellScript = "\"${SRCROOT}/Pods/Target Support Files/Pods-VitruviusSpriteKit/Pods-VitruviusSpriteKit-frameworks.sh\"\n";
			showEnvVarsInLog = 0;
		};
/* End PBXShellScriptBuildPhase section */

/* Begin PBXSourcesBuildPhase section */
		643588B02345FD8F007334D9 /* Sources */ = {
			isa = PBXSourcesBuildPhase;
			buildActionMask = 2147483647;
			files = (
				64B4546F236158DD00D43450 /* ViewDeckViewController.swift in Sources */,
				64B9AF10235C212F00610AD2 /* TownScene.swift in Sources */,
				64183638236423D400FABF66 /* AutoSaver.swift in Sources */,
				6472DEF623487BAE009B75C0 /* FaithCards.swift in Sources */,
				6472DEB7234727F7009B75C0 /* HandNode.swift in Sources */,
				6472DEF123487BAE009B75C0 /* EventHandler.swift in Sources */,
				6472DEF923487BAE009B75C0 /* CharmCards.swift in Sources */,
				6472DF002348ADAC009B75C0 /* EndTurnButton.swift in Sources */,
				6472DEFA23487BAE009B75C0 /* Enemy.swift in Sources */,
				64B9AF17235D6B6C00610AD2 /* Building.swift in Sources */,
				6472DEB923485396009B75C0 /* PlayAreaNode.swift in Sources */,
				641836252362A87200FABF66 /* TavernViewController.swift in Sources */,
				64B9AF15235C7AC800610AD2 /* SelectBuildingViewController.swift in Sources */,
				643588EE2345FEEF007334D9 /* CardNode.swift in Sources */,
				6472DEFB23487BAE009B75C0 /* CardStrategy.swift in Sources */,
				64FF02D22355A6E10000C93E /* CardOfferer.swift in Sources */,
				64183633236414E900FABF66 /* GameNavigationController.swift in Sources */,
				6472DEFD23487BAE009B75C0 /* GuileCards.swift in Sources */,
				6472DEF223487BAE009B75C0 /* ICardPlayer.swift in Sources */,
				64B9AF07235A7A7500610AD2 /* Knapsack.swift in Sources */,
				6418362F236408D600FABF66 /* SelectCharacterViewController.swift in Sources */,
				6472DF07234ADA85009B75C0 /* ArrowNode.swift in Sources */,
				641836352364177A00FABF66 /* BuildingNode.swift in Sources */,
				64B4546D235EBE9F00D43450 /* ViewDeckScene.swift in Sources */,
				6418362A2362CA2F00FABF66 /* Faction.swift in Sources */,
				6472DF0C234C11B6009B75C0 /* Event.swift in Sources */,
				6472DEBF234856E4009B75C0 /* ActorNode.swift in Sources */,
				6472DEF523487BAE009B75C0 /* BattleState.swift in Sources */,
				6418362C2362CA4000FABF66 /* Mission.swift in Sources */,
				6472DF0F234C3D0F009B75C0 /* BattleScene.swift in Sources */,
				6472DEFC23487BAE009B75C0 /* NeutralCards.swift in Sources */,
				6472DEF423487BAE009B75C0 /* Stack.swift in Sources */,
				643588C02345FD8F007334D9 /* GameViewController.swift in Sources */,
				64FF02CD235588540000C93E /* SeededRandomNumberGenerator.swift in Sources */,
				6472DF032349D8B4009B75C0 /* CardNodeImageProvider.swift in Sources */,
				643588B82345FD8F007334D9 /* AppDelegate.swift in Sources */,
				6472DEF823487BAE009B75C0 /* IBody.swift in Sources */,
				644450D6236172B2002567FF /* TownViewController.swift in Sources */,
				6472DEF323487BAE009B75C0 /* SharpCards.swift in Sources */,
				641836272362B28400FABF66 /* BattleViewController.swift in Sources */,
				64B9AF052358641D00610AD2 /* ChooseRewardNode.swift in Sources */,
				6472DF09234B3F80009B75C0 /* CardNodePool.swift in Sources */,
				6472DEF723487BAE009B75C0 /* MightCards.swift in Sources */,
				6472DEFE23487BAE009B75C0 /* Actor.swift in Sources */,
				6472DF052349DFF7009B75C0 /* FontHandler.swift in Sources */,
				64183631236410F500FABF66 /* GameState.swift in Sources */,
			);
			runOnlyForDeploymentPostprocessing = 0;
		};
		643588CA2345FD93007334D9 /* Sources */ = {
			isa = PBXSourcesBuildPhase;
			buildActionMask = 2147483647;
			files = (
				6409603E234DACFB0046E0A1 /* SerializationTests.swift in Sources */,
				64FF02CB2355651D0000C93E /* BattleStateSerializationTests.swift in Sources */,
				64096039234D82390046E0A1 /* EventTests.swift in Sources */,
				64096040234DC9040046E0A1 /* EventSerializationTests.swift in Sources */,
				6409603B234D9E770046E0A1 /* NeutralCardTests.swift in Sources */,
				64B9AF0B235A8B3D00610AD2 /* KnapsackTests.swift in Sources */,
				643588D32345FD93007334D9 /* VitruviusSpriteKitTests.swift in Sources */,
				645DAD5B234EEECE00F633F3 /* EffectSerializationTests.swift in Sources */,
			);
			runOnlyForDeploymentPostprocessing = 0;
		};
		643588D52345FD93007334D9 /* Sources */ = {
			isa = PBXSourcesBuildPhase;
			buildActionMask = 2147483647;
			files = (
				643588DE2345FD93007334D9 /* VitruviusSpriteKitUITests.swift in Sources */,
			);
			runOnlyForDeploymentPostprocessing = 0;
		};
/* End PBXSourcesBuildPhase section */

/* Begin PBXTargetDependency section */
		643588D02345FD93007334D9 /* PBXTargetDependency */ = {
			isa = PBXTargetDependency;
			target = 643588B32345FD8F007334D9 /* VitruviusSpriteKit */;
			targetProxy = 643588CF2345FD93007334D9 /* PBXContainerItemProxy */;
		};
		643588DB2345FD93007334D9 /* PBXTargetDependency */ = {
			isa = PBXTargetDependency;
			target = 643588B32345FD8F007334D9 /* VitruviusSpriteKit */;
			targetProxy = 643588DA2345FD93007334D9 /* PBXContainerItemProxy */;
		};
/* End PBXTargetDependency section */

/* Begin PBXVariantGroup section */
		643588C12345FD8F007334D9 /* Main.storyboard */ = {
			isa = PBXVariantGroup;
			children = (
				643588C22345FD8F007334D9 /* Base */,
			);
			name = Main.storyboard;
			sourceTree = "<group>";
		};
		643588C62345FD92007334D9 /* LaunchScreen.storyboard */ = {
			isa = PBXVariantGroup;
			children = (
				643588C72345FD92007334D9 /* Base */,
			);
			name = LaunchScreen.storyboard;
			sourceTree = "<group>";
		};
/* End PBXVariantGroup section */

/* Begin XCBuildConfiguration section */
		643588E02345FD93007334D9 /* Debug */ = {
			isa = XCBuildConfiguration;
			buildSettings = {
				ALWAYS_SEARCH_USER_PATHS = NO;
				CLANG_ANALYZER_NONNULL = YES;
				CLANG_ANALYZER_NUMBER_OBJECT_CONVERSION = YES_AGGRESSIVE;
				CLANG_CXX_LANGUAGE_STANDARD = "gnu++14";
				CLANG_CXX_LIBRARY = "libc++";
				CLANG_ENABLE_MODULES = YES;
				CLANG_ENABLE_OBJC_ARC = YES;
				CLANG_ENABLE_OBJC_WEAK = YES;
				CLANG_WARN_BLOCK_CAPTURE_AUTORELEASING = YES;
				CLANG_WARN_BOOL_CONVERSION = YES;
				CLANG_WARN_COMMA = YES;
				CLANG_WARN_CONSTANT_CONVERSION = YES;
				CLANG_WARN_DEPRECATED_OBJC_IMPLEMENTATIONS = YES;
				CLANG_WARN_DIRECT_OBJC_ISA_USAGE = YES_ERROR;
				CLANG_WARN_DOCUMENTATION_COMMENTS = YES;
				CLANG_WARN_EMPTY_BODY = YES;
				CLANG_WARN_ENUM_CONVERSION = YES;
				CLANG_WARN_INFINITE_RECURSION = YES;
				CLANG_WARN_INT_CONVERSION = YES;
				CLANG_WARN_NON_LITERAL_NULL_CONVERSION = YES;
				CLANG_WARN_OBJC_IMPLICIT_RETAIN_SELF = YES;
				CLANG_WARN_OBJC_LITERAL_CONVERSION = YES;
				CLANG_WARN_OBJC_ROOT_CLASS = YES_ERROR;
				CLANG_WARN_RANGE_LOOP_ANALYSIS = YES;
				CLANG_WARN_STRICT_PROTOTYPES = YES;
				CLANG_WARN_SUSPICIOUS_MOVE = YES;
				CLANG_WARN_UNGUARDED_AVAILABILITY = YES_AGGRESSIVE;
				CLANG_WARN_UNREACHABLE_CODE = YES;
				CLANG_WARN__DUPLICATE_METHOD_MATCH = YES;
				COPY_PHASE_STRIP = NO;
				DEBUG_INFORMATION_FORMAT = dwarf;
				ENABLE_STRICT_OBJC_MSGSEND = YES;
				ENABLE_TESTABILITY = YES;
				GCC_C_LANGUAGE_STANDARD = gnu11;
				GCC_DYNAMIC_NO_PIC = NO;
				GCC_NO_COMMON_BLOCKS = YES;
				GCC_OPTIMIZATION_LEVEL = 0;
				GCC_PREPROCESSOR_DEFINITIONS = (
					"DEBUG=1",
					"$(inherited)",
				);
				GCC_WARN_64_TO_32_BIT_CONVERSION = YES;
				GCC_WARN_ABOUT_RETURN_TYPE = YES_ERROR;
				GCC_WARN_UNDECLARED_SELECTOR = YES;
				GCC_WARN_UNINITIALIZED_AUTOS = YES_AGGRESSIVE;
				GCC_WARN_UNUSED_FUNCTION = YES;
				GCC_WARN_UNUSED_VARIABLE = YES;
				IPHONEOS_DEPLOYMENT_TARGET = 13.0;
				MTL_ENABLE_DEBUG_INFO = INCLUDE_SOURCE;
				MTL_FAST_MATH = YES;
				ONLY_ACTIVE_ARCH = YES;
				SDKROOT = iphoneos;
				SWIFT_ACTIVE_COMPILATION_CONDITIONS = DEBUG;
				SWIFT_OPTIMIZATION_LEVEL = "-Onone";
			};
			name = Debug;
		};
		643588E12345FD93007334D9 /* Release */ = {
			isa = XCBuildConfiguration;
			buildSettings = {
				ALWAYS_SEARCH_USER_PATHS = NO;
				CLANG_ANALYZER_NONNULL = YES;
				CLANG_ANALYZER_NUMBER_OBJECT_CONVERSION = YES_AGGRESSIVE;
				CLANG_CXX_LANGUAGE_STANDARD = "gnu++14";
				CLANG_CXX_LIBRARY = "libc++";
				CLANG_ENABLE_MODULES = YES;
				CLANG_ENABLE_OBJC_ARC = YES;
				CLANG_ENABLE_OBJC_WEAK = YES;
				CLANG_WARN_BLOCK_CAPTURE_AUTORELEASING = YES;
				CLANG_WARN_BOOL_CONVERSION = YES;
				CLANG_WARN_COMMA = YES;
				CLANG_WARN_CONSTANT_CONVERSION = YES;
				CLANG_WARN_DEPRECATED_OBJC_IMPLEMENTATIONS = YES;
				CLANG_WARN_DIRECT_OBJC_ISA_USAGE = YES_ERROR;
				CLANG_WARN_DOCUMENTATION_COMMENTS = YES;
				CLANG_WARN_EMPTY_BODY = YES;
				CLANG_WARN_ENUM_CONVERSION = YES;
				CLANG_WARN_INFINITE_RECURSION = YES;
				CLANG_WARN_INT_CONVERSION = YES;
				CLANG_WARN_NON_LITERAL_NULL_CONVERSION = YES;
				CLANG_WARN_OBJC_IMPLICIT_RETAIN_SELF = YES;
				CLANG_WARN_OBJC_LITERAL_CONVERSION = YES;
				CLANG_WARN_OBJC_ROOT_CLASS = YES_ERROR;
				CLANG_WARN_RANGE_LOOP_ANALYSIS = YES;
				CLANG_WARN_STRICT_PROTOTYPES = YES;
				CLANG_WARN_SUSPICIOUS_MOVE = YES;
				CLANG_WARN_UNGUARDED_AVAILABILITY = YES_AGGRESSIVE;
				CLANG_WARN_UNREACHABLE_CODE = YES;
				CLANG_WARN__DUPLICATE_METHOD_MATCH = YES;
				COPY_PHASE_STRIP = NO;
				DEBUG_INFORMATION_FORMAT = "dwarf-with-dsym";
				ENABLE_NS_ASSERTIONS = NO;
				ENABLE_STRICT_OBJC_MSGSEND = YES;
				GCC_C_LANGUAGE_STANDARD = gnu11;
				GCC_NO_COMMON_BLOCKS = YES;
				GCC_WARN_64_TO_32_BIT_CONVERSION = YES;
				GCC_WARN_ABOUT_RETURN_TYPE = YES_ERROR;
				GCC_WARN_UNDECLARED_SELECTOR = YES;
				GCC_WARN_UNINITIALIZED_AUTOS = YES_AGGRESSIVE;
				GCC_WARN_UNUSED_FUNCTION = YES;
				GCC_WARN_UNUSED_VARIABLE = YES;
				IPHONEOS_DEPLOYMENT_TARGET = 13.0;
				MTL_ENABLE_DEBUG_INFO = NO;
				MTL_FAST_MATH = YES;
				SDKROOT = iphoneos;
				SWIFT_COMPILATION_MODE = wholemodule;
				SWIFT_OPTIMIZATION_LEVEL = "-O";
				VALIDATE_PRODUCT = YES;
			};
			name = Release;
		};
		643588E32345FD93007334D9 /* Debug */ = {
			isa = XCBuildConfiguration;
			baseConfigurationReference = 3FB9FC13202BBE0E4A02A5C4 /* Pods-VitruviusSpriteKit.debug.xcconfig */;
			buildSettings = {
				ASSETCATALOG_COMPILER_APPICON_NAME = AppIcon;
				CODE_SIGN_STYLE = Automatic;
				DEVELOPMENT_TEAM = R7RTM529H4;
				INFOPLIST_FILE = VitruviusSpriteKit/Info.plist;
				IPHONEOS_DEPLOYMENT_TARGET = 11.0;
				LD_RUNPATH_SEARCH_PATHS = (
					"$(inherited)",
					"@executable_path/Frameworks",
				);
				PRODUCT_BUNDLE_IDENTIFIER = jonathon.dollal.Vitruvius;
				PRODUCT_NAME = "$(TARGET_NAME)";
				SWIFT_VERSION = 5.0;
				TARGETED_DEVICE_FAMILY = "1,2";
			};
			name = Debug;
		};
		643588E42345FD93007334D9 /* Release */ = {
			isa = XCBuildConfiguration;
			baseConfigurationReference = 3D01DB9B098B92C76CD42283 /* Pods-VitruviusSpriteKit.release.xcconfig */;
			buildSettings = {
				ASSETCATALOG_COMPILER_APPICON_NAME = AppIcon;
				CODE_SIGN_STYLE = Automatic;
				DEVELOPMENT_TEAM = R7RTM529H4;
				INFOPLIST_FILE = VitruviusSpriteKit/Info.plist;
				IPHONEOS_DEPLOYMENT_TARGET = 11.0;
				LD_RUNPATH_SEARCH_PATHS = (
					"$(inherited)",
					"@executable_path/Frameworks",
				);
				PRODUCT_BUNDLE_IDENTIFIER = jonathon.dollal.Vitruvius;
				PRODUCT_NAME = "$(TARGET_NAME)";
				SWIFT_VERSION = 5.0;
				TARGETED_DEVICE_FAMILY = "1,2";
			};
			name = Release;
		};
		643588E62345FD93007334D9 /* Debug */ = {
			isa = XCBuildConfiguration;
			baseConfigurationReference = 96DA3841CCD574595D78006D /* Pods-VitruviusSpriteKitTests.debug.xcconfig */;
			buildSettings = {
				ALWAYS_EMBED_SWIFT_STANDARD_LIBRARIES = YES;
				BUNDLE_LOADER = "$(TEST_HOST)";
				CODE_SIGN_STYLE = Automatic;
				DEVELOPMENT_TEAM = R7RTM529H4;
				INFOPLIST_FILE = VitruviusSpriteKitTests/Info.plist;
				IPHONEOS_DEPLOYMENT_TARGET = 13.0;
				LD_RUNPATH_SEARCH_PATHS = (
					"$(inherited)",
					"@executable_path/Frameworks",
					"@loader_path/Frameworks",
				);
				PRODUCT_BUNDLE_IDENTIFIER = jonathon.dollal.VitruviusSpriteKitTests;
				PRODUCT_NAME = "$(TARGET_NAME)";
				SWIFT_VERSION = 5.0;
				TARGETED_DEVICE_FAMILY = "1,2";
				TEST_HOST = "$(BUILT_PRODUCTS_DIR)/VitruviusSpriteKit.app/VitruviusSpriteKit";
			};
			name = Debug;
		};
		643588E72345FD93007334D9 /* Release */ = {
			isa = XCBuildConfiguration;
			baseConfigurationReference = AC5B889ED1952C6DF40599F5 /* Pods-VitruviusSpriteKitTests.release.xcconfig */;
			buildSettings = {
				ALWAYS_EMBED_SWIFT_STANDARD_LIBRARIES = YES;
				BUNDLE_LOADER = "$(TEST_HOST)";
				CODE_SIGN_STYLE = Automatic;
				DEVELOPMENT_TEAM = R7RTM529H4;
				INFOPLIST_FILE = VitruviusSpriteKitTests/Info.plist;
				IPHONEOS_DEPLOYMENT_TARGET = 13.0;
				LD_RUNPATH_SEARCH_PATHS = (
					"$(inherited)",
					"@executable_path/Frameworks",
					"@loader_path/Frameworks",
				);
				PRODUCT_BUNDLE_IDENTIFIER = jonathon.dollal.VitruviusSpriteKitTests;
				PRODUCT_NAME = "$(TARGET_NAME)";
				SWIFT_VERSION = 5.0;
				TARGETED_DEVICE_FAMILY = "1,2";
				TEST_HOST = "$(BUILT_PRODUCTS_DIR)/VitruviusSpriteKit.app/VitruviusSpriteKit";
			};
			name = Release;
		};
		643588E92345FD93007334D9 /* Debug */ = {
			isa = XCBuildConfiguration;
			baseConfigurationReference = A5E969341E28F35D5775FD26 /* Pods-VitruviusSpriteKitUITests.debug.xcconfig */;
			buildSettings = {
				ALWAYS_EMBED_SWIFT_STANDARD_LIBRARIES = YES;
				CODE_SIGN_STYLE = Automatic;
				DEVELOPMENT_TEAM = R7RTM529H4;
				INFOPLIST_FILE = VitruviusSpriteKitUITests/Info.plist;
				LD_RUNPATH_SEARCH_PATHS = (
					"$(inherited)",
					"@executable_path/Frameworks",
					"@loader_path/Frameworks",
				);
				PRODUCT_BUNDLE_IDENTIFIER = jonathon.dollal.VitruviusSpriteKitUITests;
				PRODUCT_NAME = "$(TARGET_NAME)";
				SWIFT_VERSION = 5.0;
				TARGETED_DEVICE_FAMILY = "1,2";
				TEST_TARGET_NAME = VitruviusSpriteKit;
			};
			name = Debug;
		};
		643588EA2345FD93007334D9 /* Release */ = {
			isa = XCBuildConfiguration;
			baseConfigurationReference = 124899FC94D7A9F3B38EF921 /* Pods-VitruviusSpriteKitUITests.release.xcconfig */;
			buildSettings = {
				ALWAYS_EMBED_SWIFT_STANDARD_LIBRARIES = YES;
				CODE_SIGN_STYLE = Automatic;
				DEVELOPMENT_TEAM = R7RTM529H4;
				INFOPLIST_FILE = VitruviusSpriteKitUITests/Info.plist;
				LD_RUNPATH_SEARCH_PATHS = (
					"$(inherited)",
					"@executable_path/Frameworks",
					"@loader_path/Frameworks",
				);
				PRODUCT_BUNDLE_IDENTIFIER = jonathon.dollal.VitruviusSpriteKitUITests;
				PRODUCT_NAME = "$(TARGET_NAME)";
				SWIFT_VERSION = 5.0;
				TARGETED_DEVICE_FAMILY = "1,2";
				TEST_TARGET_NAME = VitruviusSpriteKit;
			};
			name = Release;
		};
/* End XCBuildConfiguration section */

/* Begin XCConfigurationList section */
		643588AF2345FD8F007334D9 /* Build configuration list for PBXProject "VitruviusSpriteKit" */ = {
			isa = XCConfigurationList;
			buildConfigurations = (
				643588E02345FD93007334D9 /* Debug */,
				643588E12345FD93007334D9 /* Release */,
			);
			defaultConfigurationIsVisible = 0;
			defaultConfigurationName = Release;
		};
		643588E22345FD93007334D9 /* Build configuration list for PBXNativeTarget "VitruviusSpriteKit" */ = {
			isa = XCConfigurationList;
			buildConfigurations = (
				643588E32345FD93007334D9 /* Debug */,
				643588E42345FD93007334D9 /* Release */,
			);
			defaultConfigurationIsVisible = 0;
			defaultConfigurationName = Release;
		};
		643588E52345FD93007334D9 /* Build configuration list for PBXNativeTarget "VitruviusSpriteKitTests" */ = {
			isa = XCConfigurationList;
			buildConfigurations = (
				643588E62345FD93007334D9 /* Debug */,
				643588E72345FD93007334D9 /* Release */,
			);
			defaultConfigurationIsVisible = 0;
			defaultConfigurationName = Release;
		};
		643588E82345FD93007334D9 /* Build configuration list for PBXNativeTarget "VitruviusSpriteKitUITests" */ = {
			isa = XCConfigurationList;
			buildConfigurations = (
				643588E92345FD93007334D9 /* Debug */,
				643588EA2345FD93007334D9 /* Release */,
			);
			defaultConfigurationIsVisible = 0;
			defaultConfigurationName = Release;
		};
/* End XCConfigurationList section */
	};
	rootObject = 643588AC2345FD8F007334D9 /* Project object */;
}
